
Microsoft Visual Studio Solution File, Format Version 12.00
# Visual Studio 15
VisualStudioVersion = 15.0.27130.2027
MinimumVisualStudioVersion = 10.0.40219.1
Project("{2150E333-8FDC-42A3-9474-1A3956D46DE8}") = "Business", "Business", "{3C7575BB-D15F-4E9E-8604-FD086C5024D2}"
EndProject
Project("{2150E333-8FDC-42A3-9474-1A3956D46DE8}") = "Middleware", "Middleware", "{4521B7B3-A1D0-4E2D-A794-60F9E3A0C761}"
EndProject
Project("{2150E333-8FDC-42A3-9474-1A3956D46DE8}") = "Common", "Common", "{2D47AC36-BA72-4F85-8A37-175971810185}"
EndProject
Project("{2150E333-8FDC-42A3-9474-1A3956D46DE8}") = "WebSites", "WebSites", "{44F65E1F-37CE-477B-8522-54796CEB022F}"
EndProject
Project("{FAE04EC0-301F-11D3-BF4B-00C04F79EFBC}") = "Economicalleague.Api", "Economicalleague.Api\Economicalleague.Api.csproj", "{1A1B5A83-A4FD-4174-BE45-8B0C3C112403}"
EndProject
Project("{FAE04EC0-301F-11D3-BF4B-00C04F79EFBC}") = "Economicalleague.Web", "Economicalleague.Web\Economicalleague.Web.csproj", "{F0DDF196-A06C-42A8-B91F-61DD5D06C606}"
EndProject
Project("{2150E333-8FDC-42A3-9474-1A3956D46DE8}") = "Services", "Services", "{A9B0C25E-4B54-4700-ADF7-64723618F532}"
EndProject
Project("{2150E333-8FDC-42A3-9474-1A3956D46DE8}") = "DataAccess", "DataAccess", "{DA5058B6-71A2-43F1-9D89-EA5ED191352A}"
EndProject
Project("{2150E333-8FDC-42A3-9474-1A3956D46DE8}") = "Models", "Models", "{C752B574-04D3-441C-A091-62F54B1F1AC5}"
EndProject
Project("{FAE04EC0-301F-11D3-BF4B-00C04F79EFBC}") = "Economicalleague.Infrastructure", "Economicalleague.Infrastructure\Economicalleague.Infrastructure.csproj", "{4474568B-FB4D-4B63-AA2E-931BCCA1F0AC}"
EndProject
Project("{FAE04EC0-301F-11D3-BF4B-00C04F79EFBC}") = "Economicalleague.EntityFramework", "Economicalleague.EntityFramework\Economicalleague.EntityFramework.csproj", "{B48E7500-41D4-41BC-8753-7D25AA8BBD4E}"
EndProject
Project("{FAE04EC0-301F-11D3-BF4B-00C04F79EFBC}") = "Economicalleague.Domain", "Economicalleague.Domain\Economicalleague.Domain.csproj", "{33BECF52-174D-4F2E-A906-97852F77A3FE}"
EndProject
Project("{FAE04EC0-301F-11D3-BF4B-00C04F79EFBC}") = "Economicalleague.DatabaseDAL", "Economicalleague.DatabaseDAL\Economicalleague.DatabaseDAL.csproj", "{A31A4865-DE0B-420E-A07F-12E6EBA73AE9}"
EndProject
Project("{FAE04EC0-301F-11D3-BF4B-00C04F79EFBC}") = "Economicalleague.RedisDAL", "Economicalleague.RedisDAL\Economicalleague.RedisDAL.csproj", "{70F1358C-1384-4872-B74F-F8369AD475BB}"
EndProject
Project("{FAE04EC0-301F-11D3-BF4B-00C04F79EFBC}") = "Economicalleague.Services", "Economicalleague.Services\Economicalleague.Services.csproj", "{8570878D-9F7E-438D-9794-3E491B324615}"
EndProject
Project("{FAE04EC0-301F-11D3-BF4B-00C04F79EFBC}") = "InitializeRedisData", "InitializeRedisData\InitializeRedisData.csproj", "{A1AFE2C8-1E20-47E0-B128-6F3610B36395}"
EndProject
Project("{FAE04EC0-301F-11D3-BF4B-00C04F79EFBC}") = "Economicalleague.Common", "Economicalleague.Common\Economicalleague.Common.csproj", "{E7C62F89-9908-48AA-B3B2-2DAAD4B3EBAB}"
EndProject
Project("{2150E333-8FDC-42A3-9474-1A3956D46DE8}") = "Task", "Task", "{CD4C3D46-3BB2-4088-82DC-FD261537D6D2}"
EndProject
Project("{FAE04EC0-301F-11D3-BF4B-00C04F79EFBC}") = "Economicalleague.FavoritItemJob", "Economicalleague.FavoritItemJob\Economicalleague.FavoritItemJob.csproj", "{1113B1F0-412E-49F3-A013-F00B908B9E5D}"
EndProject
Global
	GlobalSection(SolutionConfigurationPlatforms) = preSolution
		Debug|Any CPU = Debug|Any CPU
		Debug|ARM = Debug|ARM
		Debug|x64 = Debug|x64
		Debug|x86 = Debug|x86
		Release|Any CPU = Release|Any CPU
		Release|ARM = Release|ARM
		Release|x64 = Release|x64
		Release|x86 = Release|x86
	EndGlobalSection
	GlobalSection(ProjectConfigurationPlatforms) = postSolution
		{1A1B5A83-A4FD-4174-BE45-8B0C3C112403}.Debug|Any CPU.ActiveCfg = Debug|Any CPU
		{1A1B5A83-A4FD-4174-BE45-8B0C3C112403}.Debug|Any CPU.Build.0 = Debug|Any CPU
		{1A1B5A83-A4FD-4174-BE45-8B0C3C112403}.Debug|ARM.ActiveCfg = Debug|Any CPU
		{1A1B5A83-A4FD-4174-BE45-8B0C3C112403}.Debug|ARM.Build.0 = Debug|Any CPU
		{1A1B5A83-A4FD-4174-BE45-8B0C3C112403}.Debug|x64.ActiveCfg = Debug|Any CPU
		{1A1B5A83-A4FD-4174-BE45-8B0C3C112403}.Debug|x64.Build.0 = Debug|Any CPU
		{1A1B5A83-A4FD-4174-BE45-8B0C3C112403}.Debug|x86.ActiveCfg = Debug|Any CPU
		{1A1B5A83-A4FD-4174-BE45-8B0C3C112403}.Debug|x86.Build.0 = Debug|Any CPU
		{1A1B5A83-A4FD-4174-BE45-8B0C3C112403}.Release|Any CPU.ActiveCfg = Release|Any CPU
		{1A1B5A83-A4FD-4174-BE45-8B0C3C112403}.Release|Any CPU.Build.0 = Release|Any CPU
		{1A1B5A83-A4FD-4174-BE45-8B0C3C112403}.Release|ARM.ActiveCfg = Release|Any CPU
		{1A1B5A83-A4FD-4174-BE45-8B0C3C112403}.Release|ARM.Build.0 = Release|Any CPU
		{1A1B5A83-A4FD-4174-BE45-8B0C3C112403}.Release|x64.ActiveCfg = Release|Any CPU
		{1A1B5A83-A4FD-4174-BE45-8B0C3C112403}.Release|x64.Build.0 = Release|Any CPU
		{1A1B5A83-A4FD-4174-BE45-8B0C3C112403}.Release|x86.ActiveCfg = Release|Any CPU
		{1A1B5A83-A4FD-4174-BE45-8B0C3C112403}.Release|x86.Build.0 = Release|Any CPU
		{F0DDF196-A06C-42A8-B91F-61DD5D06C606}.Debug|Any CPU.ActiveCfg = Debug|Any CPU
		{F0DDF196-A06C-42A8-B91F-61DD5D06C606}.Debug|Any CPU.Build.0 = Debug|Any CPU
		{F0DDF196-A06C-42A8-B91F-61DD5D06C606}.Debug|ARM.ActiveCfg = Debug|Any CPU
		{F0DDF196-A06C-42A8-B91F-61DD5D06C606}.Debug|ARM.Build.0 = Debug|Any CPU
		{F0DDF196-A06C-42A8-B91F-61DD5D06C606}.Debug|x64.ActiveCfg = Debug|Any CPU
		{F0DDF196-A06C-42A8-B91F-61DD5D06C606}.Debug|x64.Build.0 = Debug|Any CPU
		{F0DDF196-A06C-42A8-B91F-61DD5D06C606}.Debug|x86.ActiveCfg = Debug|Any CPU
		{F0DDF196-A06C-42A8-B91F-61DD5D06C606}.Debug|x86.Build.0 = Debug|Any CPU
		{F0DDF196-A06C-42A8-B91F-61DD5D06C606}.Release|Any CPU.ActiveCfg = Release|Any CPU
		{F0DDF196-A06C-42A8-B91F-61DD5D06C606}.Release|Any CPU.Build.0 = Release|Any CPU
		{F0DDF196-A06C-42A8-B91F-61DD5D06C606}.Release|ARM.ActiveCfg = Release|Any CPU
		{F0DDF196-A06C-42A8-B91F-61DD5D06C606}.Release|ARM.Build.0 = Release|Any CPU
		{F0DDF196-A06C-42A8-B91F-61DD5D06C606}.Release|x64.ActiveCfg = Release|Any CPU
		{F0DDF196-A06C-42A8-B91F-61DD5D06C606}.Release|x64.Build.0 = Release|Any CPU
		{F0DDF196-A06C-42A8-B91F-61DD5D06C606}.Release|x86.ActiveCfg = Release|Any CPU
		{F0DDF196-A06C-42A8-B91F-61DD5D06C606}.Release|x86.Build.0 = Release|Any CPU
		{4474568B-FB4D-4B63-AA2E-931BCCA1F0AC}.Debug|Any CPU.ActiveCfg = Debug|Any CPU
		{4474568B-FB4D-4B63-AA2E-931BCCA1F0AC}.Debug|Any CPU.Build.0 = Debug|Any CPU
		{4474568B-FB4D-4B63-AA2E-931BCCA1F0AC}.Debug|ARM.ActiveCfg = Debug|Any CPU
		{4474568B-FB4D-4B63-AA2E-931BCCA1F0AC}.Debug|ARM.Build.0 = Debug|Any CPU
		{4474568B-FB4D-4B63-AA2E-931BCCA1F0AC}.Debug|x64.ActiveCfg = Debug|Any CPU
		{4474568B-FB4D-4B63-AA2E-931BCCA1F0AC}.Debug|x64.Build.0 = Debug|Any CPU
		{4474568B-FB4D-4B63-AA2E-931BCCA1F0AC}.Debug|x86.ActiveCfg = Debug|Any CPU
		{4474568B-FB4D-4B63-AA2E-931BCCA1F0AC}.Debug|x86.Build.0 = Debug|Any CPU
		{4474568B-FB4D-4B63-AA2E-931BCCA1F0AC}.Release|Any CPU.ActiveCfg = Release|Any CPU
		{4474568B-FB4D-4B63-AA2E-931BCCA1F0AC}.Release|Any CPU.Build.0 = Release|Any CPU
		{4474568B-FB4D-4B63-AA2E-931BCCA1F0AC}.Release|ARM.ActiveCfg = Release|Any CPU
		{4474568B-FB4D-4B63-AA2E-931BCCA1F0AC}.Release|ARM.Build.0 = Release|Any CPU
		{4474568B-FB4D-4B63-AA2E-931BCCA1F0AC}.Release|x64.ActiveCfg = Release|Any CPU
		{4474568B-FB4D-4B63-AA2E-931BCCA1F0AC}.Release|x64.Build.0 = Release|Any CPU
		{4474568B-FB4D-4B63-AA2E-931BCCA1F0AC}.Release|x86.ActiveCfg = Release|Any CPU
		{4474568B-FB4D-4B63-AA2E-931BCCA1F0AC}.Release|x86.Build.0 = Release|Any CPU
		{B48E7500-41D4-41BC-8753-7D25AA8BBD4E}.Debug|Any CPU.ActiveCfg = Debug|Any CPU
		{B48E7500-41D4-41BC-8753-7D25AA8BBD4E}.Debug|Any CPU.Build.0 = Debug|Any CPU
		{B48E7500-41D4-41BC-8753-7D25AA8BBD4E}.Debug|ARM.ActiveCfg = Debug|Any CPU
		{B48E7500-41D4-41BC-8753-7D25AA8BBD4E}.Debug|ARM.Build.0 = Debug|Any CPU
		{B48E7500-41D4-41BC-8753-7D25AA8BBD4E}.Debug|x64.ActiveCfg = Debug|Any CPU
		{B48E7500-41D4-41BC-8753-7D25AA8BBD4E}.Debug|x64.Build.0 = Debug|Any CPU
		{B48E7500-41D4-41BC-8753-7D25AA8BBD4E}.Debug|x86.ActiveCfg = Debug|Any CPU
		{B48E7500-41D4-41BC-8753-7D25AA8BBD4E}.Debug|x86.Build.0 = Debug|Any CPU
		{B48E7500-41D4-41BC-8753-7D25AA8BBD4E}.Release|Any CPU.ActiveCfg = Release|Any CPU
		{B48E7500-41D4-41BC-8753-7D25AA8BBD4E}.Release|Any CPU.Build.0 = Release|Any CPU
		{B48E7500-41D4-41BC-8753-7D25AA8BBD4E}.Release|ARM.ActiveCfg = Release|Any CPU
		{B48E7500-41D4-41BC-8753-7D25AA8BBD4E}.Release|ARM.Build.0 = Release|Any CPU
		{B48E7500-41D4-41BC-8753-7D25AA8BBD4E}.Release|x64.ActiveCfg = Release|Any CPU
		{B48E7500-41D4-41BC-8753-7D25AA8BBD4E}.Release|x64.Build.0 = Release|Any CPU
		{B48E7500-41D4-41BC-8753-7D25AA8BBD4E}.Release|x86.ActiveCfg = Release|Any CPU
		{B48E7500-41D4-41BC-8753-7D25AA8BBD4E}.Release|x86.Build.0 = Release|Any CPU
		{33BECF52-174D-4F2E-A906-97852F77A3FE}.Debug|Any CPU.ActiveCfg = Debug|Any CPU
		{33BECF52-174D-4F2E-A906-97852F77A3FE}.Debug|Any CPU.Build.0 = Debug|Any CPU
		{33BECF52-174D-4F2E-A906-97852F77A3FE}.Debug|ARM.ActiveCfg = Debug|Any CPU
		{33BECF52-174D-4F2E-A906-97852F77A3FE}.Debug|ARM.Build.0 = Debug|Any CPU
		{33BECF52-174D-4F2E-A906-97852F77A3FE}.Debug|x64.ActiveCfg = Debug|Any CPU
		{33BECF52-174D-4F2E-A906-97852F77A3FE}.Debug|x64.Build.0 = Debug|Any CPU
		{33BECF52-174D-4F2E-A906-97852F77A3FE}.Debug|x86.ActiveCfg = Debug|Any CPU
		{33BECF52-174D-4F2E-A906-97852F77A3FE}.Debug|x86.Build.0 = Debug|Any CPU
		{33BECF52-174D-4F2E-A906-97852F77A3FE}.Release|Any CPU.ActiveCfg = Release|Any CPU
		{33BECF52-174D-4F2E-A906-97852F77A3FE}.Release|Any CPU.Build.0 = Release|Any CPU
		{33BECF52-174D-4F2E-A906-97852F77A3FE}.Release|ARM.ActiveCfg = Release|Any CPU
		{33BECF52-174D-4F2E-A906-97852F77A3FE}.Release|ARM.Build.0 = Release|Any CPU
		{33BECF52-174D-4F2E-A906-97852F77A3FE}.Release|x64.ActiveCfg = Release|Any CPU
		{33BECF52-174D-4F2E-A906-97852F77A3FE}.Release|x64.Build.0 = Release|Any CPU
		{33BECF52-174D-4F2E-A906-97852F77A3FE}.Release|x86.ActiveCfg = Release|Any CPU
		{33BECF52-174D-4F2E-A906-97852F77A3FE}.Release|x86.Build.0 = Release|Any CPU
		{A31A4865-DE0B-420E-A07F-12E6EBA73AE9}.Debug|Any CPU.ActiveCfg = Debug|Any CPU
		{A31A4865-DE0B-420E-A07F-12E6EBA73AE9}.Debug|Any CPU.Build.0 = Debug|Any CPU
		{A31A4865-DE0B-420E-A07F-12E6EBA73AE9}.Debug|ARM.ActiveCfg = Debug|Any CPU
		{A31A4865-DE0B-420E-A07F-12E6EBA73AE9}.Debug|ARM.Build.0 = Debug|Any CPU
		{A31A4865-DE0B-420E-A07F-12E6EBA73AE9}.Debug|x64.ActiveCfg = Debug|Any CPU
		{A31A4865-DE0B-420E-A07F-12E6EBA73AE9}.Debug|x64.Build.0 = Debug|Any CPU
		{A31A4865-DE0B-420E-A07F-12E6EBA73AE9}.Debug|x86.ActiveCfg = Debug|Any CPU
		{A31A4865-DE0B-420E-A07F-12E6EBA73AE9}.Debug|x86.Build.0 = Debug|Any CPU
		{A31A4865-DE0B-420E-A07F-12E6EBA73AE9}.Release|Any CPU.ActiveCfg = Release|Any CPU
		{A31A4865-DE0B-420E-A07F-12E6EBA73AE9}.Release|Any CPU.Build.0 = Release|Any CPU
		{A31A4865-DE0B-420E-A07F-12E6EBA73AE9}.Release|ARM.ActiveCfg = Release|Any CPU
		{A31A4865-DE0B-420E-A07F-12E6EBA73AE9}.Release|ARM.Build.0 = Release|Any CPU
		{A31A4865-DE0B-420E-A07F-12E6EBA73AE9}.Release|x64.ActiveCfg = Release|Any CPU
		{A31A4865-DE0B-420E-A07F-12E6EBA73AE9}.Release|x64.Build.0 = Release|Any CPU
		{A31A4865-DE0B-420E-A07F-12E6EBA73AE9}.Release|x86.ActiveCfg = Release|Any CPU
		{A31A4865-DE0B-420E-A07F-12E6EBA73AE9}.Release|x86.Build.0 = Release|Any CPU
		{70F1358C-1384-4872-B74F-F8369AD475BB}.Debug|Any CPU.ActiveCfg = Debug|Any CPU
		{70F1358C-1384-4872-B74F-F8369AD475BB}.Debug|Any CPU.Build.0 = Debug|Any CPU
		{70F1358C-1384-4872-B74F-F8369AD475BB}.Debug|ARM.ActiveCfg = Debug|Any CPU
		{70F1358C-1384-4872-B74F-F8369AD475BB}.Debug|ARM.Build.0 = Debug|Any CPU
		{70F1358C-1384-4872-B74F-F8369AD475BB}.Debug|x64.ActiveCfg = Debug|Any CPU
		{70F1358C-1384-4872-B74F-F8369AD475BB}.Debug|x64.Build.0 = Debug|Any CPU
		{70F1358C-1384-4872-B74F-F8369AD475BB}.Debug|x86.ActiveCfg = Debug|Any CPU
		{70F1358C-1384-4872-B74F-F8369AD475BB}.Debug|x86.Build.0 = Debug|Any CPU
		{70F1358C-1384-4872-B74F-F8369AD475BB}.Release|Any CPU.ActiveCfg = Release|Any CPU
		{70F1358C-1384-4872-B74F-F8369AD475BB}.Release|Any CPU.Build.0 = Release|Any CPU
		{70F1358C-1384-4872-B74F-F8369AD475BB}.Release|ARM.ActiveCfg = Release|Any CPU
		{70F1358C-1384-4872-B74F-F8369AD475BB}.Release|ARM.Build.0 = Release|Any CPU
		{70F1358C-1384-4872-B74F-F8369AD475BB}.Release|x64.ActiveCfg = Release|Any CPU
		{70F1358C-1384-4872-B74F-F8369AD475BB}.Release|x64.Build.0 = Release|Any CPU
		{70F1358C-1384-4872-B74F-F8369AD475BB}.Release|x86.ActiveCfg = Release|Any CPU
		{70F1358C-1384-4872-B74F-F8369AD475BB}.Release|x86.Build.0 = Release|Any CPU
		{8570878D-9F7E-438D-9794-3E491B324615}.Debug|Any CPU.ActiveCfg = Debug|Any CPU
		{8570878D-9F7E-438D-9794-3E491B324615}.Debug|Any CPU.Build.0 = Debug|Any CPU
		{8570878D-9F7E-438D-9794-3E491B324615}.Debug|ARM.ActiveCfg = Debug|Any CPU
		{8570878D-9F7E-438D-9794-3E491B324615}.Debug|ARM.Build.0 = Debug|Any CPU
		{8570878D-9F7E-438D-9794-3E491B324615}.Debug|x64.ActiveCfg = Debug|Any CPU
		{8570878D-9F7E-438D-9794-3E491B324615}.Debug|x64.Build.0 = Debug|Any CPU
		{8570878D-9F7E-438D-9794-3E491B324615}.Debug|x86.ActiveCfg = Debug|Any CPU
		{8570878D-9F7E-438D-9794-3E491B324615}.Debug|x86.Build.0 = Debug|Any CPU
		{8570878D-9F7E-438D-9794-3E491B324615}.Release|Any CPU.ActiveCfg = Release|Any CPU
		{8570878D-9F7E-438D-9794-3E491B324615}.Release|Any CPU.Build.0 = Release|Any CPU
		{8570878D-9F7E-438D-9794-3E491B324615}.Release|ARM.ActiveCfg = Release|Any CPU
		{8570878D-9F7E-438D-9794-3E491B324615}.Release|ARM.Build.0 = Release|Any CPU
		{8570878D-9F7E-438D-9794-3E491B324615}.Release|x64.ActiveCfg = Release|Any CPU
		{8570878D-9F7E-438D-9794-3E491B324615}.Release|x64.Build.0 = Release|Any CPU
		{8570878D-9F7E-438D-9794-3E491B324615}.Release|x86.ActiveCfg = Release|Any CPU
		{8570878D-9F7E-438D-9794-3E491B324615}.Release|x86.Build.0 = Release|Any CPU
		{A1AFE2C8-1E20-47E0-B128-6F3610B36395}.Debug|Any CPU.ActiveCfg = Debug|Any CPU
		{A1AFE2C8-1E20-47E0-B128-6F3610B36395}.Debug|Any CPU.Build.0 = Debug|Any CPU
		{A1AFE2C8-1E20-47E0-B128-6F3610B36395}.Debug|ARM.ActiveCfg = Debug|Any CPU
		{A1AFE2C8-1E20-47E0-B128-6F3610B36395}.Debug|ARM.Build.0 = Debug|Any CPU
		{A1AFE2C8-1E20-47E0-B128-6F3610B36395}.Debug|x64.ActiveCfg = Debug|Any CPU
		{A1AFE2C8-1E20-47E0-B128-6F3610B36395}.Debug|x64.Build.0 = Debug|Any CPU
		{A1AFE2C8-1E20-47E0-B128-6F3610B36395}.Debug|x86.ActiveCfg = Debug|Any CPU
		{A1AFE2C8-1E20-47E0-B128-6F3610B36395}.Debug|x86.Build.0 = Debug|Any CPU
		{A1AFE2C8-1E20-47E0-B128-6F3610B36395}.Release|Any CPU.ActiveCfg = Release|Any CPU
		{A1AFE2C8-1E20-47E0-B128-6F3610B36395}.Release|Any CPU.Build.0 = Release|Any CPU
		{A1AFE2C8-1E20-47E0-B128-6F3610B36395}.Release|ARM.ActiveCfg = Release|Any CPU
		{A1AFE2C8-1E20-47E0-B128-6F3610B36395}.Release|ARM.Build.0 = Release|Any CPU
		{A1AFE2C8-1E20-47E0-B128-6F3610B36395}.Release|x64.ActiveCfg = Release|Any CPU
		{A1AFE2C8-1E20-47E0-B128-6F3610B36395}.Release|x64.Build.0 = Release|Any CPU
		{A1AFE2C8-1E20-47E0-B128-6F3610B36395}.Release|x86.ActiveCfg = Release|Any CPU
		{A1AFE2C8-1E20-47E0-B128-6F3610B36395}.Release|x86.Build.0 = Release|Any CPU
		{E7C62F89-9908-48AA-B3B2-2DAAD4B3EBAB}.Debug|Any CPU.ActiveCfg = Debug|Any CPU
		{E7C62F89-9908-48AA-B3B2-2DAAD4B3EBAB}.Debug|Any CPU.Build.0 = Debug|Any CPU
		{E7C62F89-9908-48AA-B3B2-2DAAD4B3EBAB}.Debug|ARM.ActiveCfg = Debug|Any CPU
		{E7C62F89-9908-48AA-B3B2-2DAAD4B3EBAB}.Debug|ARM.Build.0 = Debug|Any CPU
		{E7C62F89-9908-48AA-B3B2-2DAAD4B3EBAB}.Debug|x64.ActiveCfg = Debug|Any CPU
		{E7C62F89-9908-48AA-B3B2-2DAAD4B3EBAB}.Debug|x64.Build.0 = Debug|Any CPU
		{E7C62F89-9908-48AA-B3B2-2DAAD4B3EBAB}.Debug|x86.ActiveCfg = Debug|Any CPU
		{E7C62F89-9908-48AA-B3B2-2DAAD4B3EBAB}.Debug|x86.Build.0 = Debug|Any CPU
		{E7C62F89-9908-48AA-B3B2-2DAAD4B3EBAB}.Release|Any CPU.ActiveCfg = Release|Any CPU
		{E7C62F89-9908-48AA-B3B2-2DAAD4B3EBAB}.Release|Any CPU.Build.0 = Release|Any CPU
		{E7C62F89-9908-48AA-B3B2-2DAAD4B3EBAB}.Release|ARM.ActiveCfg = Release|Any CPU
		{E7C62F89-9908-48AA-B3B2-2DAAD4B3EBAB}.Release|ARM.Build.0 = Release|Any CPU
		{E7C62F89-9908-48AA-B3B2-2DAAD4B3EBAB}.Release|x64.ActiveCfg = Release|Any CPU
		{E7C62F89-9908-48AA-B3B2-2DAAD4B3EBAB}.Release|x64.Build.0 = Release|Any CPU
		{E7C62F89-9908-48AA-B3B2-2DAAD4B3EBAB}.Release|x86.ActiveCfg = Release|Any CPU
		{E7C62F89-9908-48AA-B3B2-2DAAD4B3EBAB}.Release|x86.Build.0 = Release|Any CPU
		{1113B1F0-412E-49F3-A013-F00B908B9E5D}.Debug|Any CPU.ActiveCfg = Debug|Any CPU
		{1113B1F0-412E-49F3-A013-F00B908B9E5D}.Debug|Any CPU.Build.0 = Debug|Any CPU
		{1113B1F0-412E-49F3-A013-F00B908B9E5D}.Debug|ARM.ActiveCfg = Debug|Any CPU
		{1113B1F0-412E-49F3-A013-F00B908B9E5D}.Debug|ARM.Build.0 = Debug|Any CPU
		{1113B1F0-412E-49F3-A013-F00B908B9E5D}.Debug|x64.ActiveCfg = Debug|Any CPU
		{1113B1F0-412E-49F3-A013-F00B908B9E5D}.Debug|x64.Build.0 = Debug|Any CPU
		{1113B1F0-412E-49F3-A013-F00B908B9E5D}.Debug|x86.ActiveCfg = Debug|Any CPU
		{1113B1F0-412E-49F3-A013-F00B908B9E5D}.Debug|x86.Build.0 = Debug|Any CPU
		{1113B1F0-412E-49F3-A013-F00B908B9E5D}.Release|Any CPU.ActiveCfg = Release|Any CPU
		{1113B1F0-412E-49F3-A013-F00B908B9E5D}.Release|Any CPU.Build.0 = Release|Any CPU
		{1113B1F0-412E-49F3-A013-F00B908B9E5D}.Release|ARM.ActiveCfg = Release|Any CPU
		{1113B1F0-412E-49F3-A013-F00B908B9E5D}.Release|ARM.Build.0 = Release|Any CPU
		{1113B1F0-412E-49F3-A013-F00B908B9E5D}.Release|x64.ActiveCfg = Release|Any CPU
		{1113B1F0-412E-49F3-A013-F00B908B9E5D}.Release|x64.Build.0 = Release|Any CPU
		{1113B1F0-412E-49F3-A013-F00B908B9E5D}.Release|x86.ActiveCfg = Release|Any CPU
		{1113B1F0-412E-49F3-A013-F00B908B9E5D}.Release|x86.Build.0 = Release|Any CPU
	EndGlobalSection
	GlobalSection(SolutionProperties) = preSolution
		HideSolutionNode = FALSE
	EndGlobalSection
	GlobalSection(NestedProjects) = preSolution
		{1A1B5A83-A4FD-4174-BE45-8B0C3C112403} = {44F65E1F-37CE-477B-8522-54796CEB022F}
		{F0DDF196-A06C-42A8-B91F-61DD5D06C606} = {44F65E1F-37CE-477B-8522-54796CEB022F}
		{A9B0C25E-4B54-4700-ADF7-64723618F532} = {3C7575BB-D15F-4E9E-8604-FD086C5024D2}
		{DA5058B6-71A2-43F1-9D89-EA5ED191352A} = {3C7575BB-D15F-4E9E-8604-FD086C5024D2}
		{C752B574-04D3-441C-A091-62F54B1F1AC5} = {3C7575BB-D15F-4E9E-8604-FD086C5024D2}
		{4474568B-FB4D-4B63-AA2E-931BCCA1F0AC} = {2D47AC36-BA72-4F85-8A37-175971810185}
		{B48E7500-41D4-41BC-8753-7D25AA8BBD4E} = {2D47AC36-BA72-4F85-8A37-175971810185}
		{33BECF52-174D-4F2E-A906-97852F77A3FE} = {C752B574-04D3-441C-A091-62F54B1F1AC5}
		{A31A4865-DE0B-420E-A07F-12E6EBA73AE9} = {DA5058B6-71A2-43F1-9D89-EA5ED191352A}
		{70F1358C-1384-4872-B74F-F8369AD475BB} = {DA5058B6-71A2-43F1-9D89-EA5ED191352A}
		{8570878D-9F7E-438D-9794-3E491B324615} = {A9B0C25E-4B54-4700-ADF7-64723618F532}
		{A1AFE2C8-1E20-47E0-B128-6F3610B36395} = {4521B7B3-A1D0-4E2D-A794-60F9E3A0C761}
		{E7C62F89-9908-48AA-B3B2-2DAAD4B3EBAB} = {2D47AC36-BA72-4F85-8A37-175971810185}
		{1113B1F0-412E-49F3-A013-F00B908B9E5D} = {CD4C3D46-3BB2-4088-82DC-FD261537D6D2}
	EndGlobalSection
	GlobalSection(ExtensibilityGlobals) = postSolution
		SolutionGuid = {57EBC80B-206F-4418-8A75-188840DD9E8F}
	EndGlobalSection
EndGlobal
